
Microsoft Visual Studio Solution File, Format Version 12.00
# Visual Studio Version 17
VisualStudioVersion = 17.9.34622.214
MinimumVisualStudioVersion = 10.0.40219.1
Project("{FAE04EC0-301F-11D3-BF4B-00C04F79EFBC}") = "TemperatureMonitoring", "TemperatureMonitoring\TemperatureMonitoring.csproj", "{9906B95B-D2E3-4424-AB69-F4F02402EE95}"
EndProject
Global
	GlobalSection(SolutionConfigurationPlatforms) = preSolution
		Debug|Any CPU = Debug|Any CPU
		Release|Any CPU = Release|Any CPU
	EndGlobalSection
	GlobalSection(ProjectConfigurationPlatforms) = postSolution
		{9906B95B-D2E3-4424-AB69-F4F02402EE95}.Debug|Any CPU.ActiveCfg = Debug|Any CPU
		{9906B95B-D2E3-4424-AB69-F4F02402EE95}.Debug|Any CPU.Build.0 = Debug|Any CPU
		{9906B95B-D2E3-4424-AB69-F4F02402EE95}.Release|Any CPU.ActiveCfg = Release|Any CPU
		{9906B95B-D2E3-4424-AB69-F4F02402EE95}.Release|Any CPU.Build.0 = Release|Any CPU
	EndGlobalSection
	GlobalSection(SolutionProperties) = preSolution
		HideSolutionNode = FALSE
	EndGlobalSection
	GlobalSection(ExtensibilityGlobals) = postSolution
		SolutionGuid = {5CD37CE2-E0A0-43C9-AD16-CE91BA515A97}
	EndGlobalSection
EndGlobal
